
Microsoft Visual Studio Solution File, Format Version 12.00
# Visual Studio Version 16
VisualStudioVersion = 16.0.29613.14
MinimumVisualStudioVersion = 10.0.40219.1
Project("{8BC9CEB8-8B4A-11D0-8D11-00A0C91BC942}") = "ConsoleApplication11", "ConsoleApplication11.vcxproj", "{DB9A9DEF-7B1C-4AE4-9DDB-F8FAB81082F4}"
EndProject
Global
	GlobalSection(SolutionConfigurationPlatforms) = preSolution
		Debug|x64 = Debug|x64
		Debug|x86 = Debug|x86
		Release|x64 = Release|x64
		Release|x86 = Release|x86
	EndGlobalSection
	GlobalSection(ProjectConfigurationPlatforms) = postSolution
		{DB9A9DEF-7B1C-4AE4-9DDB-F8FAB81082F4}.Debug|x64.ActiveCfg = Debug|x64
		{DB9A9DEF-7B1C-4AE4-9DDB-F8FAB81082F4}.Debug|x64.Build.0 = Debug|x64
		{DB9A9DEF-7B1C-4AE4-9DDB-F8FAB81082F4}.Debug|x86.ActiveCfg = Debug|Win32
		{DB9A9DEF-7B1C-4AE4-9DDB-F8FAB81082F4}.Debug|x86.Build.0 = Debug|Win32
		{DB9A9DEF-7B1C-4AE4-9DDB-F8FAB81082F4}.Release|x64.ActiveCfg = Release|x64
		{DB9A9DEF-7B1C-4AE4-9DDB-F8FAB81082F4}.Release|x64.Build.0 = Release|x64
		{DB9A9DEF-7B1C-4AE4-9DDB-F8FAB81082F4}.Release|x86.ActiveCfg = Release|Win32
		{DB9A9DEF-7B1C-4AE4-9DDB-F8FAB81082F4}.Release|x86.Build.0 = Release|Win32
	EndGlobalSection
	GlobalSection(SolutionProperties) = preSolution
		HideSolutionNode = FALSE
	EndGlobalSection
	GlobalSection(ExtensibilityGlobals) = postSolution
		SolutionGuid = {2110EB1F-05E3-43D6-9BEA-B9DA6C163271}
	EndGlobalSection
EndGlobal
