
Microsoft Visual Studio Solution File, Format Version 12.00
# Visual Studio Version 16
VisualStudioVersion = 16.0.29613.14
MinimumVisualStudioVersion = 10.0.40219.1
Project("{8BC9CEB8-8B4A-11D0-8D11-00A0C91BC942}") = "虚函数2", "虚函数2.vcxproj", "{2877C2B3-91E2-49B9-B25D-5FD467C89873}"
EndProject
Global
	GlobalSection(SolutionConfigurationPlatforms) = preSolution
		Debug|x64 = Debug|x64
		Debug|x86 = Debug|x86
		Release|x64 = Release|x64
		Release|x86 = Release|x86
	EndGlobalSection
	GlobalSection(ProjectConfigurationPlatforms) = postSolution
		{2877C2B3-91E2-49B9-B25D-5FD467C89873}.Debug|x64.ActiveCfg = Debug|x64
		{2877C2B3-91E2-49B9-B25D-5FD467C89873}.Debug|x64.Build.0 = Debug|x64
		{2877C2B3-91E2-49B9-B25D-5FD467C89873}.Debug|x86.ActiveCfg = Debug|Win32
		{2877C2B3-91E2-49B9-B25D-5FD467C89873}.Debug|x86.Build.0 = Debug|Win32
		{2877C2B3-91E2-49B9-B25D-5FD467C89873}.Release|x64.ActiveCfg = Release|x64
		{2877C2B3-91E2-49B9-B25D-5FD467C89873}.Release|x64.Build.0 = Release|x64
		{2877C2B3-91E2-49B9-B25D-5FD467C89873}.Release|x86.ActiveCfg = Release|Win32
		{2877C2B3-91E2-49B9-B25D-5FD467C89873}.Release|x86.Build.0 = Release|Win32
	EndGlobalSection
	GlobalSection(SolutionProperties) = preSolution
		HideSolutionNode = FALSE
	EndGlobalSection
	GlobalSection(ExtensibilityGlobals) = postSolution
		SolutionGuid = {786BA8BB-31CD-43EA-8F69-F2EF80340BE1}
	EndGlobalSection
EndGlobal
