
Microsoft Visual Studio Solution File, Format Version 12.00
# Visual Studio Version 16
VisualStudioVersion = 16.0.29613.14
MinimumVisualStudioVersion = 10.0.40219.1
Project("{8BC9CEB8-8B4A-11D0-8D11-00A0C91BC942}") = "ioPoint", "ioPoint.vcxproj", "{495B24E1-B3EE-4DEA-8D93-37FD11382164}"
EndProject
Global
	GlobalSection(SolutionConfigurationPlatforms) = preSolution
		Debug|x64 = Debug|x64
		Debug|x86 = Debug|x86
		Release|x64 = Release|x64
		Release|x86 = Release|x86
	EndGlobalSection
	GlobalSection(ProjectConfigurationPlatforms) = postSolution
		{495B24E1-B3EE-4DEA-8D93-37FD11382164}.Debug|x64.ActiveCfg = Debug|x64
		{495B24E1-B3EE-4DEA-8D93-37FD11382164}.Debug|x64.Build.0 = Debug|x64
		{495B24E1-B3EE-4DEA-8D93-37FD11382164}.Debug|x86.ActiveCfg = Debug|Win32
		{495B24E1-B3EE-4DEA-8D93-37FD11382164}.Debug|x86.Build.0 = Debug|Win32
		{495B24E1-B3EE-4DEA-8D93-37FD11382164}.Release|x64.ActiveCfg = Release|x64
		{495B24E1-B3EE-4DEA-8D93-37FD11382164}.Release|x64.Build.0 = Release|x64
		{495B24E1-B3EE-4DEA-8D93-37FD11382164}.Release|x86.ActiveCfg = Release|Win32
		{495B24E1-B3EE-4DEA-8D93-37FD11382164}.Release|x86.Build.0 = Release|Win32
	EndGlobalSection
	GlobalSection(SolutionProperties) = preSolution
		HideSolutionNode = FALSE
	EndGlobalSection
	GlobalSection(ExtensibilityGlobals) = postSolution
		SolutionGuid = {0420E505-9CDD-43E3-B16A-AA2EF37285C9}
	EndGlobalSection
EndGlobal
