
Microsoft Visual Studio Solution File, Format Version 12.00
# Visual Studio Version 16
VisualStudioVersion = 16.0.29613.14
MinimumVisualStudioVersion = 10.0.40219.1
Project("{8BC9CEB8-8B4A-11D0-8D11-00A0C91BC942}") = "inheritence", "inheritence.vcxproj", "{03509D01-BBC3-481A-A8EA-864D0E1E709F}"
EndProject
Global
	GlobalSection(SolutionConfigurationPlatforms) = preSolution
		Debug|x64 = Debug|x64
		Debug|x86 = Debug|x86
		Release|x64 = Release|x64
		Release|x86 = Release|x86
	EndGlobalSection
	GlobalSection(ProjectConfigurationPlatforms) = postSolution
		{03509D01-BBC3-481A-A8EA-864D0E1E709F}.Debug|x64.ActiveCfg = Debug|x64
		{03509D01-BBC3-481A-A8EA-864D0E1E709F}.Debug|x64.Build.0 = Debug|x64
		{03509D01-BBC3-481A-A8EA-864D0E1E709F}.Debug|x86.ActiveCfg = Debug|Win32
		{03509D01-BBC3-481A-A8EA-864D0E1E709F}.Debug|x86.Build.0 = Debug|Win32
		{03509D01-BBC3-481A-A8EA-864D0E1E709F}.Release|x64.ActiveCfg = Release|x64
		{03509D01-BBC3-481A-A8EA-864D0E1E709F}.Release|x64.Build.0 = Release|x64
		{03509D01-BBC3-481A-A8EA-864D0E1E709F}.Release|x86.ActiveCfg = Release|Win32
		{03509D01-BBC3-481A-A8EA-864D0E1E709F}.Release|x86.Build.0 = Release|Win32
	EndGlobalSection
	GlobalSection(SolutionProperties) = preSolution
		HideSolutionNode = FALSE
	EndGlobalSection
	GlobalSection(ExtensibilityGlobals) = postSolution
		SolutionGuid = {299F1A4B-BC9B-4609-A53D-73AB15B73C10}
	EndGlobalSection
EndGlobal
