
Microsoft Visual Studio Solution File, Format Version 12.00
# Visual Studio Version 16
VisualStudioVersion = 16.0.29613.14
MinimumVisualStudioVersion = 10.0.40219.1
Project("{8BC9CEB8-8B4A-11D0-8D11-00A0C91BC942}") = "四边形问题", "四边形问题.vcxproj", "{35BE3C34-A16A-415E-B904-7C389CB9A53B}"
EndProject
Global
	GlobalSection(SolutionConfigurationPlatforms) = preSolution
		Debug|x64 = Debug|x64
		Debug|x86 = Debug|x86
		Release|x64 = Release|x64
		Release|x86 = Release|x86
	EndGlobalSection
	GlobalSection(ProjectConfigurationPlatforms) = postSolution
		{35BE3C34-A16A-415E-B904-7C389CB9A53B}.Debug|x64.ActiveCfg = Debug|x64
		{35BE3C34-A16A-415E-B904-7C389CB9A53B}.Debug|x64.Build.0 = Debug|x64
		{35BE3C34-A16A-415E-B904-7C389CB9A53B}.Debug|x86.ActiveCfg = Debug|Win32
		{35BE3C34-A16A-415E-B904-7C389CB9A53B}.Debug|x86.Build.0 = Debug|Win32
		{35BE3C34-A16A-415E-B904-7C389CB9A53B}.Release|x64.ActiveCfg = Release|x64
		{35BE3C34-A16A-415E-B904-7C389CB9A53B}.Release|x64.Build.0 = Release|x64
		{35BE3C34-A16A-415E-B904-7C389CB9A53B}.Release|x86.ActiveCfg = Release|Win32
		{35BE3C34-A16A-415E-B904-7C389CB9A53B}.Release|x86.Build.0 = Release|Win32
	EndGlobalSection
	GlobalSection(SolutionProperties) = preSolution
		HideSolutionNode = FALSE
	EndGlobalSection
	GlobalSection(ExtensibilityGlobals) = postSolution
		SolutionGuid = {390E1A56-5C80-43F8-9491-E6A4596B9EF5}
	EndGlobalSection
EndGlobal
